# THIS IS AN AUTOGENERATED FILE. DO NOT EDIT THIS FILE DIRECTLY.
# yarn lockfile v1


"@babel/runtime@^7.12.5", "@babel/runtime@^7.5.5", "@babel/runtime@^7.6.2", "@babel/runtime@^7.7.2", "@babel/runtime@^7.9.0":
  version "7.18.9"
  resolved "https://registry.yarnpkg.com/@babel/runtime/-/runtime-7.18.9.tgz#b4fcfce55db3d2e5e080d2490f608a3b9f407f4a"
  integrity sha512-lkqXDcvlFT5rvEjiu6+QYO+1GXrEHRo2LOtS7E4GtX5ESIZOgepqsZBVIj6Pv+a6zqsya9VCgiK1KAK4BvJDAw==
  dependencies:
    regenerator-runtime "^0.13.4"

"@hookform/resolvers@^2.9.7":
  version "2.9.7"
  resolved "https://registry.yarnpkg.com/@hookform/resolvers/-/resolvers-2.9.7.tgz#8b257ae67234ce0270e6b044c1a61fb98ec02b4b"
  integrity sha512-BloehX3MOLwuFEwT4yZnmolPjVmqyn8VsSuodLfazbCIqxBHsQ4qUZsi+bvNNCduRli1AGWFrkDLGD5QoNzsoA==

"@next/env@12.2.4":
  version "12.2.4"
  resolved "https://registry.yarnpkg.com/@next/env/-/env-12.2.4.tgz#5ba9bed9970be4113773233148b4539691bfc4fe"
  integrity sha512-/gApFXWk5CCLFQJL5IYJXxPQuG5tz5nPX4l27A9Zm/+wJxiwFrRSP54AopDxIv4JRp/rGwcgk/lZS/0Clw8jYA==

"@next/swc-android-arm-eabi@12.2.4":
  version "12.2.4"
  resolved "https://registry.yarnpkg.com/@next/swc-android-arm-eabi/-/swc-android-arm-eabi-12.2.4.tgz#5c7f508f93baec810c96bf60128b7c1f2109bee2"
  integrity sha512-P4YSFNpmXXSnn3P1qsOAqz+MX3On9fHrlc8ovb/CFJJoU+YLCR53iCEwfw39e0IZEgDA7ttgr108plF8mxaX0g==

"@next/swc-android-arm64@12.2.4":
  version "12.2.4"
  resolved "https://registry.yarnpkg.com/@next/swc-android-arm64/-/swc-android-arm64-12.2.4.tgz#f86411e0513419f027d16b2d4d823a3ca631a634"
  integrity sha512-4o2n14E18O+8xHlf6dgJsWPXN9gmSmfIe2Z0EqKDIPBBkFt/2CyrH0+vwHnL2l7xkDHhOGfZYcYIWVUR5aNu0A==

"@next/swc-darwin-arm64@12.2.4":
  version "12.2.4"
  resolved "https://registry.yarnpkg.com/@next/swc-darwin-arm64/-/swc-darwin-arm64-12.2.4.tgz#23db172f02f5cf0ceca5e0934cfde21f30cc7461"
  integrity sha512-DcUO6MGBL9E3jj5o86MUnTOy4WawIJJhyCcFYO4f51sbl7+uPIYIx40eo98A6NwJEXazCqq1hLeqOaNTAIvDiQ==

"@next/swc-darwin-x64@12.2.4":
  version "12.2.4"
  resolved "https://registry.yarnpkg.com/@next/swc-darwin-x64/-/swc-darwin-x64-12.2.4.tgz#820125d2a4d35cd9c807156a403a447360b5923f"
  integrity sha512-IUlFMqeLjdIzDorrGC2Dt+2Ae3DbKQbRzCzmDq4/CP1+jJGeDXo/2AHnlE+WYnwQAC4KtAz6pbVnd3KstZWsVA==

"@next/swc-freebsd-x64@12.2.4":
  version "12.2.4"
  resolved "https://registry.yarnpkg.com/@next/swc-freebsd-x64/-/swc-freebsd-x64-12.2.4.tgz#81ccd262c7ea3f7ed2de136c3402fc28cd103ce8"
  integrity sha512-475vwyWcjnyDVDWLgAATP0HI8W1rwByc+uXk1B6KkAVFhkoDgH387LW0uNqxavK+VxCzj3avQXX/58XDvxtSlg==

"@next/swc-linux-arm-gnueabihf@12.2.4":
  version "12.2.4"
  resolved "https://registry.yarnpkg.com/@next/swc-linux-arm-gnueabihf/-/swc-linux-arm-gnueabihf-12.2.4.tgz#5b543e461696adcb60c64b56fc81eaa9e3cfcdd8"
  integrity sha512-qZW+L3iG3XSGtlOPmD5RRWXyk6ZNdscLV0BQjuDvP+exTg+uixqHXOHz0/GVATIJEBQOF0Kew7jAXVXEP+iRTQ==

"@next/swc-linux-arm64-gnu@12.2.4":
  version "12.2.4"
  resolved "https://registry.yarnpkg.com/@next/swc-linux-arm64-gnu/-/swc-linux-arm64-gnu-12.2.4.tgz#f83b824d112494db41df69e2c456950a57deacba"
  integrity sha512-fEPRjItWYaKyyG9N+2HIA59OBHIhk7WC+Rh+LwXsh0pQe870Ykpek3KQs0umjsrEGe57NyMomq3f80/N8taDvA==

"@next/swc-linux-arm64-musl@12.2.4":
  version "12.2.4"
  resolved "https://registry.yarnpkg.com/@next/swc-linux-arm64-musl/-/swc-linux-arm64-musl-12.2.4.tgz#a7e575970fcd6166c7b506fd25121927c13349ee"
  integrity sha512-rnCTzXII0EBCcFn9P5s/Dho2kPUMSX/bP0iOAj8wEI/IxUEfEElbin89zJoNW30cycHu19xY8YP4K2+hzciPzQ==

"@next/swc-linux-x64-gnu@12.2.4":
  version "12.2.4"
  resolved "https://registry.yarnpkg.com/@next/swc-linux-x64-gnu/-/swc-linux-x64-gnu-12.2.4.tgz#4dd2ad1c72c160430199265e74b6d7037f2be4f5"
  integrity sha512-PhXX6NSuIuhHInxPY2VkG2Bl7VllsD3Cjx+pQcS1wTym7Zt7UoLvn05PkRrkiyIkvR+UXnqPUM3TYiSbnemXEw==

"@next/swc-linux-x64-musl@12.2.4":
  version "12.2.4"
  resolved "https://registry.yarnpkg.com/@next/swc-linux-x64-musl/-/swc-linux-x64-musl-12.2.4.tgz#15415b1e6b92ca19453c4c6113496685167b05d4"
  integrity sha512-GmC/QROiUZpFirHRfPQqMyCXZ+5+ndbBZrMvL74HtQB/CKXB8K1VM+rvy9Gp/5OaU8Rxp48IcX79NOfI2LiXlA==

"@next/swc-win32-arm64-msvc@12.2.4":
  version "12.2.4"
  resolved "https://registry.yarnpkg.com/@next/swc-win32-arm64-msvc/-/swc-win32-arm64-msvc-12.2.4.tgz#48344aded1702e321bef0fdefc3fb9f763c2ba25"
  integrity sha512-9XKoCXbNZuaMRPtcKQz3+hgVpkMosaLlcxHFXT8/j4w61k7/qvEbrkMDS9WHNrD/xVcLycwhPRgXcns2K1BdBQ==

"@next/swc-win32-ia32-msvc@12.2.4":
  version "12.2.4"
  resolved "https://registry.yarnpkg.com/@next/swc-win32-ia32-msvc/-/swc-win32-ia32-msvc-12.2.4.tgz#e040fbf292205716c2c1d69d51c1c98fa59825ff"
  integrity sha512-hEyRieZKH9iw4AzvXaQ+Fyb98k0G/o9QcRGxA1/O/O/elf1+Qvuwb15phT8GbVtIeNziy66XTPOhKKfdr8KyUg==

"@next/swc-win32-x64-msvc@12.2.4":
  version "12.2.4"
  resolved "https://registry.yarnpkg.com/@next/swc-win32-x64-msvc/-/swc-win32-x64-msvc-12.2.4.tgz#0134c4cd5df39033347614ce5fc26af485ac9048"
  integrity sha512-5Pl1tdMJWLy4rvzU1ecx0nHWgDPqoYuvYoXE/5X0Clu9si/yOuBIj573F2kOTY7mu0LX2wgCJVSnyK0abHBxIw==

"@swc/helpers@0.4.3":
  version "0.4.3"
  resolved "https://registry.yarnpkg.com/@swc/helpers/-/helpers-0.4.3.tgz#16593dfc248c53b699d4b5026040f88ddb497012"
  integrity sha512-6JrF+fdUK2zbGpJIlN7G3v966PQjyx/dPt1T9km2wj+EUBqgrxCk3uX4Kct16MIm9gGxfKRcfax2hVf5jvlTzA==
  dependencies:
    tslib "^2.4.0"

"@trpc/client@^10.0.0-alpha.42":
  version "10.0.0-alpha.42"
  resolved "https://registry.yarnpkg.com/@trpc/client/-/client-10.0.0-alpha.42.tgz#93cd8885c7b6f8f16476e8d8b67ee07418ba18c1"
  integrity sha512-jCDwNFTS5COYXVYUwuZHJNUOcUTuhEjUWClfXqfpFJMjGQdM2HRVzWUFt3QTOvOMB/aAuRRoogJ0HfcyTe5T2w==
  dependencies:
    "@babel/runtime" "^7.9.0"

"@trpc/next@^10.0.0-alpha.42":
  version "10.0.0-alpha.42"
  resolved "https://registry.yarnpkg.com/@trpc/next/-/next-10.0.0-alpha.42.tgz#6b47a9011eb03ba0c832118bb009f3d7ba809521"
  integrity sha512-iqd6QsKQQO6jJ+HmRmp2pnzU/ZFK6jNVRrQtvy4WCdz7HUgoi7rYip46GtQzwrIYN1H51YSNJXSAzWt6tErASQ==
  dependencies:
    "@babel/runtime" "^7.9.0"
    react-ssr-prepass "^1.5.0"

"@trpc/react@^10.0.0-alpha.42":
  version "10.0.0-alpha.42"
  resolved "https://registry.yarnpkg.com/@trpc/react/-/react-10.0.0-alpha.42.tgz#8c34c3534afaecc8524527adeea4dc7bc6ba96f6"
  integrity sha512-keuBEpcF6nekfZ4CsOJ11Jsibwe5Ct3QJpqjOEQ8ng6pwPp/5PYYxRLyn8wYRJyou5O/BUcO+nZeiq7BIdHCFQ==
  dependencies:
    "@babel/runtime" "^7.9.0"

"@trpc/server@^10.0.0-alpha.42":
  version "10.0.0-alpha.42"
  resolved "https://registry.yarnpkg.com/@trpc/server/-/server-10.0.0-alpha.42.tgz#e7902edefe086c00b8e38b3101d749577a7d84b6"
  integrity sha512-/G+IGBoxUQEayKVNBiHUBCwH7Cem6ITDZPa85HtwAuIUVRT8Q0VEC15iBT/kUNNFhzPRHVm6y3mrDPoJ1Gs97Q==
  dependencies:
    tslib "^2.1.0"

"@types/lodash@^4.14.182":
  version "4.14.182"
  resolved "https://registry.yarnpkg.com/@types/lodash/-/lodash-4.14.182.tgz#05301a4d5e62963227eaafe0ce04dd77c54ea5c2"
  integrity sha512-/THyiqyQAP9AfARo4pF+aCGcyiQ94tX/Is2I7HofNRqoYLgN1PBoOWu2/zTA5zMxzP5EFutMtWtGAFRKUe961Q==

"@types/prop-types@*":
  version "15.7.5"
  resolved "https://registry.yarnpkg.com/@types/prop-types/-/prop-types-15.7.5.tgz#5f19d2b85a98e9558036f6a3cacc8819420f05cf"
  integrity sha512-JCB8C6SnDoQf0cNycqd/35A7MjcnK+ZTqE7judS6o7utxUCg6imJg3QK2qzHKszlTjcj2cn+NwMB2i96ubpj7w==

"@types/react-dom@^18.0.6":
  version "18.0.6"
  resolved "https://registry.yarnpkg.com/@types/react-dom/-/react-dom-18.0.6.tgz#36652900024842b74607a17786b6662dd1e103a1"
  integrity sha512-/5OFZgfIPSwy+YuIBP/FgJnQnsxhZhjjrnxudMddeblOouIodEQ75X14Rr4wGSG/bknL+Omy9iWlLo1u/9GzAA==
  dependencies:
    "@types/react" "*"

"@types/react@*", "@types/react@^18.0.17":
  version "18.0.17"
  resolved "https://registry.yarnpkg.com/@types/react/-/react-18.0.17.tgz#4583d9c322d67efe4b39a935d223edcc7050ccf4"
  integrity sha512-38ETy4tL+rn4uQQi7mB81G7V1g0u2ryquNmsVIOKUAEIDK+3CUjZ6rSRpdvS99dNBnkLFL83qfmtLacGOTIhwQ==
  dependencies:
    "@types/prop-types" "*"
    "@types/scheduler" "*"
    csstype "^3.0.2"

"@types/scheduler@*":
  version "0.16.2"
  resolved "https://registry.yarnpkg.com/@types/scheduler/-/scheduler-0.16.2.tgz#1a62f89525723dde24ba1b01b092bf5df8ad4d39"
  integrity sha512-hppQEBDmlwhFAXKJX2KnWLYu5yMfi91yazPb2l+lbJiwW+wdo1gNeRA+3RgNSO39WYX2euey41KEwnqesU2Jew==

balanced-match@^1.0.0:
  version "1.0.2"
  resolved "https://registry.yarnpkg.com/balanced-match/-/balanced-match-1.0.2.tgz#e83e3a7e3f300b34cb9d87f615fa0cbf357690ee"
  integrity sha512-3oSeUO0TMV67hN1AmbXsK4yaqU7tjiHlbxRDZOpH0KW9+CeX4bRAaX0Anxt0tx2MrpRpWwQaPwIlISEJhYU5Pw==

big-integer@^1.6.16:
  version "1.6.51"
  resolved "https://registry.yarnpkg.com/big-integer/-/big-integer-1.6.51.tgz#0df92a5d9880560d3ff2d5fd20245c889d130686"
  integrity sha512-GPEid2Y9QU1Exl1rpO9B2IPJGHPSupF5GnVIP0blYvNOMer2bTvSWs1jGOUg04hTmu67nmLsQ9TBo1puaotBHg==

brace-expansion@^1.1.7:
  version "1.1.11"
  resolved "https://registry.yarnpkg.com/brace-expansion/-/brace-expansion-1.1.11.tgz#3c7fcbf529d87226f3d2f52b966ff5271eb441dd"
  integrity sha512-iCuPHDFgrHX7H2vEI/5xpz07zSHB00TpugqhmYtVmMO6518mCuRMoOYFldEBl0g187ufozdaHgWKcYFb61qGiA==
  dependencies:
    balanced-match "^1.0.0"
    concat-map "0.0.1"

broadcast-channel@^3.4.1:
  version "3.7.0"
  resolved "https://registry.yarnpkg.com/broadcast-channel/-/broadcast-channel-3.7.0.tgz#2dfa5c7b4289547ac3f6705f9c00af8723889937"
  integrity sha512-cIAKJXAxGJceNZGTZSBzMxzyOn72cVgPnKx4dc6LRjQgbaJUQqhy5rzL3zbMxkMWsGKkv2hSFkPRMEXfoMZ2Mg==
  dependencies:
    "@babel/runtime" "^7.7.2"
    detect-node "^2.1.0"
    js-sha3 "0.8.0"
    microseconds "0.2.0"
    nano-time "1.0.0"
    oblivious-set "1.0.0"
    rimraf "3.0.2"
    unload "2.2.0"

caniuse-lite@^1.0.30001332:
  version "1.0.30001374"
  resolved "https://registry.yarnpkg.com/caniuse-lite/-/caniuse-lite-1.0.30001374.tgz#3dab138e3f5485ba2e74bd13eca7fe1037ce6f57"
  integrity sha512-mWvzatRx3w+j5wx/mpFN5v5twlPrabG8NqX2c6e45LCpymdoGqNvRkRutFUqpRTXKFQFNQJasvK0YT7suW6/Hw==

chalk@^5.0.1:
  version "5.0.1"
  resolved "https://registry.yarnpkg.com/chalk/-/chalk-5.0.1.tgz#ca57d71e82bb534a296df63bbacc4a1c22b2a4b6"
  integrity sha512-Fo07WOYGqMfCWHOzSXOt2CxDbC6skS/jO9ynEcmpANMoPrD+W1r1K6Vx7iNm+AQmETU1Xr2t+n8nzkV9t6xh3w==

concat-map@0.0.1:
  version "0.0.1"
  resolved "https://registry.yarnpkg.com/concat-map/-/concat-map-0.0.1.tgz#d8a96bd77fd68df7793a73036a3ba0d5405d477b"
  integrity sha512-/Srv4dswyQNBfohGpz9o6Yb3Gz3SrUDqBH5rTuhGR7ahtlbYKnVxw2bCFMRljaA7EXHaXZ8wsHdodFvbkhKmqg==

copy-anything@^3.0.2:
  version "3.0.2"
  resolved "https://registry.yarnpkg.com/copy-anything/-/copy-anything-3.0.2.tgz#7189171ff5e1893b2287e8bf574b8cd448ed50b1"
  integrity sha512-CzATjGXzUQ0EvuvgOCI6A4BGOo2bcVx8B+eC2nF862iv9fopnPQwlrbACakNCHRIJbCSBj+J/9JeDf60k64MkA==
  dependencies:
    is-what "^4.1.6"

csstype@^3.0.2:
  version "3.1.0"
  resolved "https://registry.yarnpkg.com/csstype/-/csstype-3.1.0.tgz#4ddcac3718d787cf9df0d1b7d15033925c8f29f2"
  integrity sha512-uX1KG+x9h5hIJsaKR9xHUeUraxf8IODOwq9JLNPq6BwB04a/xgpq3rcx47l5BZu5zBPlgD342tdke3Hom/nJRA==

detect-node@^2.0.4, detect-node@^2.1.0:
  version "2.1.0"
  resolved "https://registry.yarnpkg.com/detect-node/-/detect-node-2.1.0.tgz#c9c70775a49c3d03bc2c06d9a73be550f978f8b1"
  integrity sha512-T0NIuQpnTvFDATNuHN5roPwSBG83rFsuO+MXXH9/3N1eFbn4wcPjttvjMLEPWJ0RGUYgQE7cGgS3tNxbqCGM7g==

enhanced-resolve@^5.7.0:
  version "5.10.0"
  resolved "https://registry.yarnpkg.com/enhanced-resolve/-/enhanced-resolve-5.10.0.tgz#0dc579c3bb2a1032e357ac45b8f3a6f3ad4fb1e6"
  integrity sha512-T0yTFjdpldGY8PmuXXR0PyQ1ufZpEGiHVrp7zHKB7jdR4qlmZHhONVM5AQOAWXuF/w3dnHbEQVrNptJgt7F+cQ==
  dependencies:
    graceful-fs "^4.2.4"
    tapable "^2.2.0"

escalade@^3.1.1:
  version "3.1.1"
  resolved "https://registry.yarnpkg.com/escalade/-/escalade-3.1.1.tgz#d8cfdc7000965c5a0174b4a82eaa5c0552742e40"
  integrity sha512-k0er2gUkLf8O0zKJiAhmkTnJlTvINGv7ygDNPbeIsX/TJjGJZHuh9B2UxbsaEkmlEo9MfhrSzmhIlhRlI2GXnw==

fs.realpath@^1.0.0:
  version "1.0.0"
  resolved "https://registry.yarnpkg.com/fs.realpath/-/fs.realpath-1.0.0.tgz#1504ad2523158caa40db4a2787cb01411994ea4f"
  integrity sha512-OO0pH2lK6a0hZnAdau5ItzHPI6pUlvI7jMVnxUQRtw4owF2wk8lOSabtGDCTP4Ggrg2MbGnWO9X8K1t4+fGMDw==

glob@^7.1.3:
  version "7.2.3"
  resolved "https://registry.yarnpkg.com/glob/-/glob-7.2.3.tgz#b8df0fb802bbfa8e89bd1d938b4e16578ed44f2b"
  integrity sha512-nFR0zLpU2YCaRxwoCJvL6UvCH2JFyFVIvwTLsIf21AuHlMskA1hhTdk+LlYJtOlYt9v6dvszD2BGRqBL+iQK9Q==
  dependencies:
    fs.realpath "^1.0.0"
    inflight "^1.0.4"
    inherits "2"
    minimatch "^3.1.1"
    once "^1.3.0"
    path-is-absolute "^1.0.0"

graceful-fs@^4.2.4:
  version "4.2.10"
  resolved "https://registry.yarnpkg.com/graceful-fs/-/graceful-fs-4.2.10.tgz#147d3a006da4ca3ce14728c7aefc287c367d7a6c"
  integrity sha512-9ByhssR2fPVsNZj478qUUbKfmL0+t5BDVyjShtyZZLiK7ZDAArFFfopyOTj0M05wE2tJPisA4iTnnXl2YoPvOA==

inflight@^1.0.4:
  version "1.0.6"
  resolved "https://registry.yarnpkg.com/inflight/-/inflight-1.0.6.tgz#49bd6331d7d02d0c09bc910a1075ba8165b56df9"
  integrity sha512-k92I/b08q4wvFscXCLvqfsHCrjrF7yiXsQuIVvVE7N82W3+aqpzuUdBbfhWcy/FZR3/4IgflMgKLOsvPDrGCJA==
  dependencies:
    once "^1.3.0"
    wrappy "1"

inherits@2:
  version "2.0.4"
  resolved "https://registry.yarnpkg.com/inherits/-/inherits-2.0.4.tgz#0fa2c64f932917c3433a0ded55363aae37416b7c"
  integrity sha512-k/vGaX4/Yla3WzyMCvTQOXYeIHvqOKtnqBduzTHpzpQZzAskKMhZ2K+EnBiSM9zGSoIFeMpXKxa4dYeZIQqewQ==

is-what@^4.1.6:
  version "4.1.7"
  resolved "https://registry.yarnpkg.com/is-what/-/is-what-4.1.7.tgz#c41dc1d2d2d6a9285c624c2505f61849c8b1f9cc"
  integrity sha512-DBVOQNiPKnGMxRMLIYSwERAS5MVY1B7xYiGnpgctsOFvVDz9f9PFXXxMcTOHuoqYp4NK9qFYQaIC1NRRxLMpBQ==

js-sha3@0.8.0:
  version "0.8.0"
  resolved "https://registry.yarnpkg.com/js-sha3/-/js-sha3-0.8.0.tgz#b9b7a5da73afad7dedd0f8c463954cbde6818840"
  integrity sha512-gF1cRrHhIzNfToc802P800N8PpXS+evLLXfsVpowqmAFR9uwbi89WvXg2QspOmXL8QL86J4T1EpFu+yUkwJY3Q==

"js-tokens@^3.0.0 || ^4.0.0":
  version "4.0.0"
  resolved "https://registry.yarnpkg.com/js-tokens/-/js-tokens-4.0.0.tgz#19203fb59991df98e3a287050d4647cdeaf32499"
  integrity sha512-RdJUflcE3cUzKiMqQgsCu06FPu9UdIJO0beYbPhHN4k6apgJtifcoCtT9bcxOpYBtpD2kCM6Sbzg4CausW/PKQ==

lodash@^4.17.21:
  version "4.17.21"
  resolved "https://registry.yarnpkg.com/lodash/-/lodash-4.17.21.tgz#679591c564c3bffaae8454cf0b3df370c3d6911c"
  integrity sha512-v2kDEe57lecTulaDIuNTPy3Ry4gLGJ6Z1O3vE1krgXZNrsQ+LFTGHVxVjcXPs17LhbZVGedAJv8XZ1tvj5FvSg==

loose-envify@^1.1.0:
  version "1.4.0"
  resolved "https://registry.yarnpkg.com/loose-envify/-/loose-envify-1.4.0.tgz#71ee51fa7be4caec1a63839f7e682d8132d30caf"
  integrity sha512-lyuxPGr/Wfhrlem2CL/UcnUc1zcqKAImBDzukY7Y5F/yQiNdko6+fRLevlw1HgMySw7f611UIY408EtxRSoK3Q==
  dependencies:
    js-tokens "^3.0.0 || ^4.0.0"

match-sorter@^6.0.2:
  version "6.3.1"
  resolved "https://registry.yarnpkg.com/match-sorter/-/match-sorter-6.3.1.tgz#98cc37fda756093424ddf3cbc62bfe9c75b92bda"
  integrity sha512-mxybbo3pPNuA+ZuCUhm5bwNkXrJTbsk5VWbR5wiwz/GC6LIiegBGn2w3O08UG/jdbYLinw51fSQ5xNU1U3MgBw==
  dependencies:
    "@babel/runtime" "^7.12.5"
    remove-accents "0.4.2"

microseconds@0.2.0:
  version "0.2.0"
  resolved "https://registry.yarnpkg.com/microseconds/-/microseconds-0.2.0.tgz#233b25f50c62a65d861f978a4a4f8ec18797dc39"
  integrity sha512-n7DHHMjR1avBbSpsTBj6fmMGh2AGrifVV4e+WYc3Q9lO+xnSZ3NyhcBND3vzzatt05LFhoKFRxrIyklmLlUtyA==

minimatch@^3.1.1:
  version "3.1.2"
  resolved "https://registry.yarnpkg.com/minimatch/-/minimatch-3.1.2.tgz#19cd194bfd3e428f049a70817c038d89ab4be35b"
  integrity sha512-J7p63hRiAjw1NDEww1W7i37+ByIrOWO5XQQAzZ3VOcL0PNybwpfmV/N05zFAzwQ9USyEcX6t3UO+K5aqBQOIHw==
  dependencies:
    brace-expansion "^1.1.7"

nano-time@1.0.0:
  version "1.0.0"
  resolved "https://registry.yarnpkg.com/nano-time/-/nano-time-1.0.0.tgz#b0554f69ad89e22d0907f7a12b0993a5d96137ef"
  integrity sha512-flnngywOoQ0lLQOTRNexn2gGSNuM9bKj9RZAWSzhQ+UJYaAFG9bac4DW9VHjUAzrOaIcajHybCTHe/bkvozQqA==
  dependencies:
    big-integer "^1.6.16"

nanoid@^3.3.4:
  version "3.3.4"
  resolved "https://registry.yarnpkg.com/nanoid/-/nanoid-3.3.4.tgz#730b67e3cd09e2deacf03c027c81c9d9dbc5e8ab"
  integrity sha512-MqBkQh/OHTS2egovRtLk45wEyNXwF+cokD+1YPf9u5VfJiRdAiRwB2froX5Co9Rh20xs4siNPm8naNotSD6RBw==

next-transpile-modules@^9.0.0:
  version "9.0.0"
  resolved "https://registry.yarnpkg.com/next-transpile-modules/-/next-transpile-modules-9.0.0.tgz#133b1742af082e61cc76b02a0f12ffd40ce2bf90"
  integrity sha512-VCNFOazIAnXn1hvgYYSTYMnoWgKgwlYh4lm1pKbSfiB3kj5ZYLcKVhfh3jkPOg1cnd9DP+pte9yCUocdPEUBTQ==
  dependencies:
    enhanced-resolve "^5.7.0"
    escalade "^3.1.1"

next@^12.2.4:
  version "12.2.4"
  resolved "https://registry.yarnpkg.com/next/-/next-12.2.4.tgz#88f7a7a4cd76063704cda28b3b07c4217b8928b0"
  integrity sha512-b1xlxEozmAWokAXzXsi5vlmU/IfJcFNIJA8dpU5UdkFbyDPio8wwb8mAQ/Y7rGtfTgG/t/u49BiyEA+xAgFvow==
  dependencies:
    "@next/env" "12.2.4"
    "@swc/helpers" "0.4.3"
    caniuse-lite "^1.0.30001332"
    postcss "8.4.14"
    styled-jsx "5.0.2"
    use-sync-external-store "1.2.0"
  optionalDependencies:
    "@next/swc-android-arm-eabi" "12.2.4"
    "@next/swc-android-arm64" "12.2.4"
    "@next/swc-darwin-arm64" "12.2.4"
    "@next/swc-darwin-x64" "12.2.4"
    "@next/swc-freebsd-x64" "12.2.4"
    "@next/swc-linux-arm-gnueabihf" "12.2.4"
    "@next/swc-linux-arm64-gnu" "12.2.4"
    "@next/swc-linux-arm64-musl" "12.2.4"
    "@next/swc-linux-x64-gnu" "12.2.4"
    "@next/swc-linux-x64-musl" "12.2.4"
    "@next/swc-win32-arm64-msvc" "12.2.4"
    "@next/swc-win32-ia32-msvc" "12.2.4"
    "@next/swc-win32-x64-msvc" "12.2.4"

oblivious-set@1.0.0:
  version "1.0.0"
  resolved "https://registry.yarnpkg.com/oblivious-set/-/oblivious-set-1.0.0.tgz#c8316f2c2fb6ff7b11b6158db3234c49f733c566"
  integrity sha512-z+pI07qxo4c2CulUHCDf9lcqDlMSo72N/4rLUpRXf6fu+q8vjt8y0xS+Tlf8NTJDdTXHbdeO1n3MlbctwEoXZw==

once@^1.3.0:
  version "1.4.0"
  resolved "https://registry.yarnpkg.com/once/-/once-1.4.0.tgz#583b1aa775961d4b113ac17d9c50baef9dd76bd1"
  integrity sha512-lNaJgI+2Q5URQBkccEKHTQOPaXdUxnZZElQTZY0MFUAuaEqe1E+Nyvgdz/aIyNi6Z9MzO5dv1H8n58/GELp3+w==
  dependencies:
    wrappy "1"

path-is-absolute@^1.0.0:
  version "1.0.1"
  resolved "https://registry.yarnpkg.com/path-is-absolute/-/path-is-absolute-1.0.1.tgz#174b9268735534ffbc7ace6bf53a5a9e1b5c5f5f"
  integrity sha512-AVbw3UJ2e9bq64vSaS9Am0fje1Pa8pbGqTTsmXfaIiMpnr5DlDhfJOuLj9Sf95ZPVDAUerDfEk88MPmPe7UCQg==

picocolors@^1.0.0:
  version "1.0.0"
  resolved "https://registry.yarnpkg.com/picocolors/-/picocolors-1.0.0.tgz#cb5bdc74ff3f51892236eaf79d68bc44564ab81c"
  integrity sha512-1fygroTLlHu66zi26VoTDv8yRgm0Fccecssto+MhsZ0D/DGW2sm8E8AjW7NU5VVTRt5GxbeZ5qBuJr+HyLYkjQ==

postcss@8.4.14:
  version "8.4.14"
  resolved "https://registry.yarnpkg.com/postcss/-/postcss-8.4.14.tgz#ee9274d5622b4858c1007a74d76e42e56fd21caf"
  integrity sha512-E398TUmfAYFPBSdzgeieK2Y1+1cpdxJx8yXbK/m57nRhKSmk1GB2tO4lbLBtlkfPQTDKfe4Xqv1ASWPpayPEig==
  dependencies:
    nanoid "^3.3.4"
    picocolors "^1.0.0"
    source-map-js "^1.0.2"

react-dom@^18.2.0:
  version "18.2.0"
  resolved "https://registry.yarnpkg.com/react-dom/-/react-dom-18.2.0.tgz#22aaf38708db2674ed9ada224ca4aa708d821e3d"
  integrity sha512-6IMTriUmvsjHUjNtEDudZfuDQUoWXVxKHhlEGSk81n4YFS+r/Kl99wXiwlVXtPBtJenozv2P+hxDsw9eA7Xo6g==
  dependencies:
    loose-envify "^1.1.0"
    scheduler "^0.23.0"

react-hook-form@^7.34.0:
  version "7.34.0"
  resolved "https://registry.yarnpkg.com/react-hook-form/-/react-hook-form-7.34.0.tgz#22883b5e014e5c5e35f3061d0e3862153b0df2ec"
  integrity sha512-s0/TJ09NVlEk2JPp3yit1WnMuPNBXFmUKEQPulgDi9pYBw/ZmmAFHe6AXWq73Y+kp8ye4OcMf0Jv+i/qLPektg==

react-query@^3.39.1:
  version "3.39.2"
  resolved "https://registry.yarnpkg.com/react-query/-/react-query-3.39.2.tgz#9224140f0296f01e9664b78ed6e4f69a0cc9216f"
  integrity sha512-F6hYDKyNgDQfQOuR1Rsp3VRzJnWHx6aRnnIZHMNGGgbL3SBgpZTDg8MQwmxOgpCAoqZJA+JSNCydF1xGJqKOCA==
  dependencies:
    "@babel/runtime" "^7.5.5"
    broadcast-channel "^3.4.1"
    match-sorter "^6.0.2"

react-ssr-prepass@^1.5.0:
  version "1.5.0"
  resolved "https://registry.yarnpkg.com/react-ssr-prepass/-/react-ssr-prepass-1.5.0.tgz#bc4ca7fcb52365e6aea11cc254a3d1bdcbd030c5"
  integrity sha512-yFNHrlVEReVYKsLI5lF05tZoHveA5pGzjFbFJY/3pOqqjGOmMmqx83N4hIjN2n6E1AOa+eQEUxs3CgRnPmT0RQ==

react@^18.2.0:
  version "18.2.0"
  resolved "https://registry.yarnpkg.com/react/-/react-18.2.0.tgz#555bd98592883255fa00de14f1151a917b5d77d5"
  integrity sha512-/3IjMdb2L9QbBdWiW5e3P2/npwMBaU9mHCSCUzNln0ZCYbcfTsGbTJrU/kGemdH2IWmB2ioZ+zkxtmq6g09fGQ==
  dependencies:
    loose-envify "^1.1.0"

regenerator-runtime@^0.13.4:
  version "0.13.9"
  resolved "https://registry.yarnpkg.com/regenerator-runtime/-/regenerator-runtime-0.13.9.tgz#8925742a98ffd90814988d7566ad30ca3b263b52"
  integrity sha512-p3VT+cOEgxFsRRA9X4lkI1E+k2/CtnKtU4gcxyaCUreilL/vqI6CdZ3wxVUx3UOUg+gnUOQQcRI7BmSI656MYA==

remove-accents@0.4.2:
  version "0.4.2"
  resolved "https://registry.yarnpkg.com/remove-accents/-/remove-accents-0.4.2.tgz#0a43d3aaae1e80db919e07ae254b285d9e1c7bb5"
  integrity sha512-7pXIJqJOq5tFgG1A2Zxti3Ht8jJF337m4sowbuHsW30ZnkQFnDzy9qBNhgzX8ZLW4+UBcXiiR7SwR6pokHsxiA==

rimraf@3.0.2:
  version "3.0.2"
  resolved "https://registry.yarnpkg.com/rimraf/-/rimraf-3.0.2.tgz#f1a5402ba6220ad52cc1282bac1ae3aa49fd061a"
  integrity sha512-JZkJMZkAGFFPP2YqXZXPbMlMBgsxzE8ILs4lMIX/2o0L9UBw9O/Y3o6wFw/i9YLapcUJWwqbi3kdxIPdC62TIA==
  dependencies:
    glob "^7.1.3"

scheduler@^0.23.0:
  version "0.23.0"
  resolved "https://registry.yarnpkg.com/scheduler/-/scheduler-0.23.0.tgz#ba8041afc3d30eb206a487b6b384002e4e61fdfe"
  integrity sha512-CtuThmgHNg7zIZWAXi3AsyIzA3n4xx7aNyjwC2VJldO2LMVDhFK+63xGqq6CsJH4rTAt6/M+N4GhZiDYPx9eUw==
  dependencies:
    loose-envify "^1.1.0"

source-map-js@^1.0.2:
  version "1.0.2"
  resolved "https://registry.yarnpkg.com/source-map-js/-/source-map-js-1.0.2.tgz#adbc361d9c62df380125e7f161f71c826f1e490c"
  integrity sha512-R0XvVJ9WusLiqTCEiGCmICCMplcCkIwwR11mOSD9CR5u+IXYdiseeEuXCVAjS54zqwkLcPNnmU4OeJ6tUrWhDw==

styled-jsx@5.0.2:
  version "5.0.2"
  resolved "https://registry.yarnpkg.com/styled-jsx/-/styled-jsx-5.0.2.tgz#ff230fd593b737e9e68b630a694d460425478729"
  integrity sha512-LqPQrbBh3egD57NBcHET4qcgshPks+yblyhPlH2GY8oaDgKs8SK4C3dBh3oSJjgzJ3G5t1SYEZGHkP+QEpX9EQ==

superjson@^1.9.1:
  version "1.9.1"
  resolved "https://registry.yarnpkg.com/superjson/-/superjson-1.9.1.tgz#e23bd2e8cf0f4ade131d6d769754cac7eaa8ab34"
  integrity sha512-oT3HA2nPKlU1+5taFgz/HDy+GEaY+CWEbLzaRJVD4gZ7zMVVC4GDNFdgvAZt6/VuIk6D2R7RtPAiCHwmdzlMmg==
  dependencies:
    copy-anything "^3.0.2"

tapable@^2.2.0:
  version "2.2.1"
  resolved "https://registry.yarnpkg.com/tapable/-/tapable-2.2.1.tgz#1967a73ef4060a82f12ab96af86d52fdb76eeca0"
  integrity sha512-GNzQvQTOIP6RyTfE2Qxb8ZVlNmw0n88vp1szwWRimP02mnTsx3Wtn5qRdqY9w2XduFNUgvOwhNnQsjwCp+kqaQ==

ts-toolbelt@^9.6.0:
  version "9.6.0"
  resolved "https://registry.yarnpkg.com/ts-toolbelt/-/ts-toolbelt-9.6.0.tgz#50a25426cfed500d4a09bd1b3afb6f28879edfd5"
  integrity sha512-nsZd8ZeNUzukXPlJmTBwUAuABDe/9qtVDelJeT/qW0ow3ZS3BsQJtNkan1802aM9Uf68/Y8ljw86Hu0h5IUW3w==

tslib@^2.1.0, tslib@^2.4.0:
  version "2.4.0"
  resolved "https://registry.yarnpkg.com/tslib/-/tslib-2.4.0.tgz#7cecaa7f073ce680a05847aa77be941098f36dc3"
  integrity sha512-d6xOpEDfsi2CZVlPQzGeux8XMwLT9hssAsaPYExaQMuYskwb+x1x7J371tWlbBdWHroy99KnVB6qIkUbs5X3UQ==

turbo-android-arm64@1.4.3:
  version "1.4.3"
  resolved "https://registry.yarnpkg.com/turbo-android-arm64/-/turbo-android-arm64-1.4.3.tgz#d531c6935134d8cae9f31f61db47d13bd227bb93"
  integrity sha512-ZUvdoEHJkTkOFOO9PKWYrdONDBVqkNsvwEMufTVf07RXgqmbXDPkznzT4hcQm6xXyqWqJdjgSAMdlm+2nNE1Og==

turbo-darwin-64@1.4.3:
  version "1.4.3"
  resolved "https://registry.yarnpkg.com/turbo-darwin-64/-/turbo-darwin-64-1.4.3.tgz#123e214d9070ec6ac81468dc7a1cb02a459fafd7"
  integrity sha512-gapoVm5qbu2TJS4lJ6fM3o2eAkLyXSxHihw/4NRAYmwHCH3at1/cIAnRcctB/HLL3ZaB/p3HKb8mnI7k6xNHOw==

turbo-darwin-arm64@1.4.3:
  version "1.4.3"
  resolved "https://registry.yarnpkg.com/turbo-darwin-arm64/-/turbo-darwin-arm64-1.4.3.tgz#9fa062c3ffa9208d0e2fa0155dcb48a290e7c109"
  integrity sha512-XUe6FTsHamEH7FfNslYYO04yecAaguhZuwW4kE9B/BAP8MUYsmVqONauLPyE/YqM6pf2K0xwVe+RlEGf53CWbg==

turbo-freebsd-64@1.4.3:
  version "1.4.3"
  resolved "https://registry.yarnpkg.com/turbo-freebsd-64/-/turbo-freebsd-64-1.4.3.tgz#ffb4a939ca0000ec91114d2bbddc491c4835e862"
  integrity sha512-1CAjXmDClgMXdWZXreUfAbGBB2WB9TZHfJIdsgnDqt4fIcFGChknzYqc+Fj3tGHAczMpinGjBbWIzFuxOq/ofQ==

turbo-freebsd-arm64@1.4.3:
  version "1.4.3"
  resolved "https://registry.yarnpkg.com/turbo-freebsd-arm64/-/turbo-freebsd-arm64-1.4.3.tgz#0bab3e2ccfac1ecc9ed9a30b0ab80f379fe3a788"
  integrity sha512-j5C7j/vwabPKpr5d6YlLgHGHBZCOcXj3HdkBshDHTQ0wghH0NuCUUaesYxI3wva/4/Ec0dhIrb20Laa/HMxXLA==

turbo-linux-32@1.4.3:
  version "1.4.3"
  resolved "https://registry.yarnpkg.com/turbo-linux-32/-/turbo-linux-32-1.4.3.tgz#96deb5ebedfe6b97fd8ecc0fa40ff1c891c4c04f"
  integrity sha512-vnc+StXIoQEnxIU43j7rEz/J+v+RV4dbUdUolBq0k9gkUV8KMCcqPkIa753K47E2KLNGKXMaYDI6AHQX1GAQZg==

turbo-linux-64@1.4.3:
  version "1.4.3"
  resolved "https://registry.yarnpkg.com/turbo-linux-64/-/turbo-linux-64-1.4.3.tgz#ed0152e724c78dea090b2d60d29258110bdfb14a"
  integrity sha512-KAUeIa8Ejt6BLrBGbVurlrjDxqh62tu75D4cqKqKfzWspcbEtmdqlV6qthXfm8SlzGSNuQXX0+qXEWds2FIZXg==

turbo-linux-arm64@1.4.3:
  version "1.4.3"
  resolved "https://registry.yarnpkg.com/turbo-linux-arm64/-/turbo-linux-arm64-1.4.3.tgz#74fac47575e6b5af5830d26a56493859d09e4c7c"
  integrity sha512-rzB7w+RHCQkKr8aDxxozv/IzdN976CYyBiRocSf9QGU73uyAg8pCo3i0MiENSRjDC+tUbdbu2lEUwGXf9ziB9Q==

turbo-linux-arm@1.4.3:
  version "1.4.3"
  resolved "https://registry.yarnpkg.com/turbo-linux-arm/-/turbo-linux-arm-1.4.3.tgz#ac42b3c5918fe06270cb8dfbe31442a48cc38fc3"
  integrity sha512-zZNoHUK5ioFyxAngh8tHe763Dzb22ne3LJkaZn0ExkFHJtWClWv536lPcDuQPpIH9W9iz5OwPKtN32DNpNwk8A==

turbo-linux-mips64le@1.4.3:
  version "1.4.3"
  resolved "https://registry.yarnpkg.com/turbo-linux-mips64le/-/turbo-linux-mips64le-1.4.3.tgz#d796261795e4fc29935cbffdadfbc11d83cbe616"
  integrity sha512-Ztr1BM5NiUsHWjB7zpkP2RpRDA/fjbLaCbkyfyGlLmVkrSkh05NFBD03IWs2LSLy/wb6vRpL3MQ4FKcb97Tn8w==

turbo-linux-ppc64le@1.4.3:
  version "1.4.3"
  resolved "https://registry.yarnpkg.com/turbo-linux-ppc64le/-/turbo-linux-ppc64le-1.4.3.tgz#b7d043efa27290e074b7aba45bb298fc86bd8cfe"
  integrity sha512-tJaFJWxwfy/iLd69VHZj6JcXy9hO8LQ+ZUOna/p/wiy5WrFVgEYlD+4gfECfRZ+52EIelMgXl97vACaN1WMhLw==

turbo-windows-32@1.4.3:
  version "1.4.3"
  resolved "https://registry.yarnpkg.com/turbo-windows-32/-/turbo-windows-32-1.4.3.tgz#3dac4678f1d74ccf0ac187e738d30a557932fbad"
  integrity sha512-w9LyYd+DW3PYFXu9vQiie5lfdqmVIKLV0h181C49hempkIXfgQAosXfaugYWDwBc0GEBoBIQB0vGQKE7gt5nzA==

turbo-windows-64@1.4.3:
  version "1.4.3"
  resolved "https://registry.yarnpkg.com/turbo-windows-64/-/turbo-windows-64-1.4.3.tgz#b493ab62db70c4c147cf0dc56dc812ea2e15cf3c"
  integrity sha512-qPCqemxxOrXyqqig3fVQozRkOwo5oJSsQ3FTZE5YlNu2NwwWvY1mC0X4WTZIDsbj4oHqr0riqC7RGKbjQm1IIQ==

turbo-windows-arm64@1.4.3:
  version "1.4.3"
  resolved "https://registry.yarnpkg.com/turbo-windows-arm64/-/turbo-windows-arm64-1.4.3.tgz#be4b38994cb3f1ceb36940ff6d6b227fa2ba53bf"
  integrity sha512-djnOOBjw33AnUx2SR6TMOpDr3nKLnVD+HcZvnQz70HyE331AKWjBoEE4rtUOteLAfViWAp3afbiljFSOnbU00Q==

turbo@latest:
  version "1.4.3"
  resolved "https://registry.yarnpkg.com/turbo/-/turbo-1.4.3.tgz#7221972f47a28bfcb53609e97db9810d2c3a265b"
  integrity sha512-g08eD2HdO/XW5xGHnXr0cXGiWnrgFBI6pN/3u0EOTeerKAsWIZU0ZrpSnl3whRtImeBB/gQu7Eu1waM2VOxzgw==
  optionalDependencies:
    turbo-android-arm64 "1.4.3"
    turbo-darwin-64 "1.4.3"
    turbo-darwin-arm64 "1.4.3"
    turbo-freebsd-64 "1.4.3"
    turbo-freebsd-arm64 "1.4.3"
    turbo-linux-32 "1.4.3"
    turbo-linux-64 "1.4.3"
    turbo-linux-arm "1.4.3"
    turbo-linux-arm64 "1.4.3"
    turbo-linux-mips64le "1.4.3"
    turbo-linux-ppc64le "1.4.3"
    turbo-windows-32 "1.4.3"
    turbo-windows-64 "1.4.3"
    turbo-windows-arm64 "1.4.3"

typescript@^4.7.4:
  version "4.7.4"
  resolved "https://registry.yarnpkg.com/typescript/-/typescript-4.7.4.tgz#1a88596d1cf47d59507a1bcdfb5b9dfe4d488235"
  integrity sha512-C0WQT0gezHuw6AdY1M2jxUO83Rjf0HP7Sk1DtXj6j1EwkQNZrHAg2XPWlq62oqEhYvONq5pkC2Y9oPljWToLmQ==

unload@2.2.0:
  version "2.2.0"
  resolved "https://registry.yarnpkg.com/unload/-/unload-2.2.0.tgz#ccc88fdcad345faa06a92039ec0f80b488880ef7"
  integrity sha512-B60uB5TNBLtN6/LsgAf3udH9saB5p7gqJwcFfbOEZ8BcBHnGwCf6G/TGiEqkRAxX7zAFIUtzdrXQSdL3Q/wqNA==
  dependencies:
    "@babel/runtime" "^7.6.2"
    detect-node "^2.0.4"

use-sync-external-store@1.2.0:
  version "1.2.0"
  resolved "https://registry.yarnpkg.com/use-sync-external-store/-/use-sync-external-store-1.2.0.tgz#7dbefd6ef3fe4e767a0cf5d7287aacfb5846928a"
  integrity sha512-eEgnFxGQ1Ife9bzYs6VLi8/4X6CObHMw9Qr9tPY43iKwsPw8xE8+EFsf/2cFZ5S3esXgpWgtSCtLNS41F+sKPA==

wrappy@1:
  version "1.0.2"
  resolved "https://registry.yarnpkg.com/wrappy/-/wrappy-1.0.2.tgz#b5243d8f3ec1aa35f1364605bc0d1036e30ab69f"
  integrity sha512-l4Sp/DRseor9wL6EvV2+TuQn63dMkPjZ/sp9XkghTEbV9KlPS1xUsZ3u7/IQO4wxtcFB4bgpQPRcR3QCvezPcQ==

zod@^3.17.10:
  version "3.17.10"
  resolved "https://registry.yarnpkg.com/zod/-/zod-3.17.10.tgz#8716a05e6869df6faaa878a44ffe3c79e615defb"
  integrity sha512-IHXnQYQuOOOL/XgHhgl8YjNxBHi3xX0mVcHmqsvJgcxKkEczPshoWdxqyFwsARpf41E0v9U95WUROqsHHxt0UQ==
